# This file is automatically @generated by Cargo.
# It is not intended for manual editing.
version = 4

[[package]]
name = "acvp-harness"
version = "0.0.0"
dependencies = [
 "fips-aes",
 "fips-cmac",
 "fips-drbg",
 "fips-hmac",
 "fips-integrity",
 "fips-kdf",
 "fips-module",
 "fips-sha",
 "fips-xof",
]

[[package]]
name = "ct-validation"
version = "0.0.0"
dependencies = [
 "fips-drbg",
 "fips-ecdh",
 "fips-ecdsa",
 "fips-module",
 "fips-rsa",
]

[[package]]
name = "fips-aes"
version = "0.0.0"
dependencies = [
 "fips-module",
]

[[package]]
name = "fips-cmac"
version = "0.0.0"
dependencies = [
 "fips-aes",
 "fips-module",
]

[[package]]
name = "fips-drbg"
version = "0.0.0"
dependencies = [
 "fips-aes",
 "fips-hmac",
 "fips-module",
 "fips-sha",
]

[[package]]
name = "fips-ecdh"
version = "0.0.0"
dependencies = [
 "fips-ecdsa",
 "fips-module",
]

[[package]]
name = "fips-ecdsa"
version = "0.0.0"
dependencies = [
 "fips-drbg",
 "fips-module",
 "fips-sha",
]

[[package]]
name = "fips-eddsa"
version = "0.0.0"
dependencies = [
 "fips-module",
 "fips-sha",
]

[[package]]
name = "fips-hmac"
version = "0.0.0"
dependencies = [
 "fips-module",
 "fips-sha",
 "fips-test-vectors",
]

[[package]]
name = "fips-integrity"
version = "0.0.0"
dependencies = [
 "fips-hmac",
 "fips-module",
]

[[package]]
name = "fips-kdf"
version = "0.0.0"
dependencies = [
 "fips-hmac",
 "fips-module",
 "fips-sha",
 "fips-test-vectors",
]

[[package]]
name = "fips-module"
version = "0.0.0"

[[package]]
name = "fips-rsa"
version = "0.0.0"
dependencies = [
 "fips-drbg",
 "fips-module",
 "fips-sha",
]

[[package]]
name = "fips-sha"
version = "0.0.0"
dependencies = [
 "fips-module",
 "fips-test-vectors",
]

[[package]]
name = "fips-test-vectors"
version = "0.0.0"

[[package]]
name = "fips-tls-kdf"
version = "0.0.0"
dependencies = [
 "fips-module",
]

[[package]]
name = "fips-xof"
version = "0.0.0"
dependencies = [
 "fips-module",
 "fips-sha",
 "fips-test-vectors",
]
