# This file is automatically @generated by Cargo.
# It is not intended for manual editing.
version = 4

[[package]]
name = "acvp-harness"
version = "0.0.0"
dependencies = [
 "oxicrypt-aes",
 "oxicrypt-cmac",
 "oxicrypt-drbg",
 "oxicrypt-ecdh",
 "oxicrypt-ecdsa",
 "oxicrypt-eddsa",
 "oxicrypt-hmac",
 "oxicrypt-integrity",
 "oxicrypt-kdf",
 "oxicrypt-module",
 "oxicrypt-rsa",
 "oxicrypt-sha",
 "oxicrypt-tls-kdf",
 "oxicrypt-xof",
]

[[package]]
name = "ct-validation"
version = "0.0.0"
dependencies = [
 "oxicrypt-drbg",
 "oxicrypt-ecdh",
 "oxicrypt-ecdsa",
 "oxicrypt-eddsa",
 "oxicrypt-module",
 "oxicrypt-rsa",
]

[[package]]
name = "oxi"
version = "0.0.0"
dependencies = [
 "oxicrypt-aes",
 "oxicrypt-drbg",
 "oxicrypt-hmac",
 "oxicrypt-module",
 "oxicrypt-sha",
]

[[package]]
name = "oxicrypt-aes"
version = "0.0.0"
dependencies = [
 "oxicrypt-module",
 "oxicrypt-zeroize",
]

[[package]]
name = "oxicrypt-cmac"
version = "0.0.0"
dependencies = [
 "oxicrypt-aes",
 "oxicrypt-module",
]

[[package]]
name = "oxicrypt-drbg"
version = "0.0.0"
dependencies = [
 "oxicrypt-aes",
 "oxicrypt-hmac",
 "oxicrypt-module",
 "oxicrypt-sha",
 "oxicrypt-zeroize",
]

[[package]]
name = "oxicrypt-ecdh"
version = "0.0.0"
dependencies = [
 "oxicrypt-drbg",
 "oxicrypt-ecdsa",
 "oxicrypt-module",
]

[[package]]
name = "oxicrypt-ecdsa"
version = "0.0.0"
dependencies = [
 "oxicrypt-drbg",
 "oxicrypt-module",
 "oxicrypt-sha",
 "oxicrypt-zeroize",
]

[[package]]
name = "oxicrypt-eddsa"
version = "0.0.0"
dependencies = [
 "oxicrypt-drbg",
 "oxicrypt-module",
 "oxicrypt-sha",
 "oxicrypt-zeroize",
]

[[package]]
name = "oxicrypt-hmac"
version = "0.0.0"
dependencies = [
 "oxicrypt-module",
 "oxicrypt-sha",
 "oxicrypt-test-vectors",
 "oxicrypt-zeroize",
]

[[package]]
name = "oxicrypt-integrity"
version = "0.0.0"
dependencies = [
 "oxicrypt-hmac",
 "oxicrypt-module",
]

[[package]]
name = "oxicrypt-kdf"
version = "0.0.0"
dependencies = [
 "oxicrypt-hmac",
 "oxicrypt-module",
 "oxicrypt-sha",
 "oxicrypt-test-vectors",
 "oxicrypt-zeroize",
]

[[package]]
name = "oxicrypt-module"
version = "0.0.0"

[[package]]
name = "oxicrypt-rsa"
version = "0.0.0"
dependencies = [
 "oxicrypt-drbg",
 "oxicrypt-module",
 "oxicrypt-sha",
 "oxicrypt-zeroize",
]

[[package]]
name = "oxicrypt-sha"
version = "0.0.0"
dependencies = [
 "oxicrypt-module",
 "oxicrypt-test-vectors",
]

[[package]]
name = "oxicrypt-test-vectors"
version = "0.0.0"

[[package]]
name = "oxicrypt-tls-kdf"
version = "0.0.0"
dependencies = [
 "oxicrypt-hmac",
 "oxicrypt-kdf",
 "oxicrypt-module",
]

[[package]]
name = "oxicrypt-xof"
version = "0.0.0"
dependencies = [
 "oxicrypt-module",
 "oxicrypt-sha",
 "oxicrypt-test-vectors",
]

[[package]]
name = "oxicrypt-zeroize"
version = "0.0.0"
